{
  "version": 4,
  "terraform_version": "1.2.4",
  "serial": 24,
  "lineage": "05bbf19f-458f-54a8-cb1b-f3564c30fb40",
  "outputs": {
    "address": {
      "value": "stage-msql.cf85dat40bwn.us-east-2.rds.amazonaws.com",
      "type": "string"
    },
    "port": {
      "value": 3306,
      "type": "number"
    }
  },
  "resources": [
    {
      "module": "module.staging_mysql_db_cluster",
      "mode": "managed",
      "type": "aws_db_instance",
      "name": "example",
      "provider": "module.staging_mysql_db_cluster.provider[\"registry.terraform.io/hashicorp/aws\"]",
      "instances": [
        {
          "schema_version": 1,
          "attributes": {
            "address": "stage-msql.cf85dat40bwn.us-east-2.rds.amazonaws.com",
            "allocated_storage": 10,
            "allow_major_version_upgrade": null,
            "apply_immediately": null,
            "arn": "arn:aws:rds:us-east-2:770115561474:db:stage-msql",
            "auto_minor_version_upgrade": true,
            "availability_zone": "us-east-2c",
            "backup_retention_period": 0,
            "backup_window": "08:20-08:50",
            "blue_green_update": [],
            "ca_cert_identifier": "rds-ca-2019",
            "character_set_name": "",
            "copy_tags_to_snapshot": false,
            "custom_iam_instance_profile": "",
            "customer_owned_ip_enabled": false,
            "db_name": "stagingRds",
            "db_subnet_group_name": "default",
            "delete_automated_backups": true,
            "deletion_protection": false,
            "domain": "",
            "domain_iam_role_name": "",
            "enabled_cloudwatch_logs_exports": null,
            "endpoint": "stage-msql.cf85dat40bwn.us-east-2.rds.amazonaws.com:3306",
            "engine": "mysql",
            "engine_version": "8.0.28",
            "engine_version_actual": "8.0.28",
            "final_snapshot_identifier": "stage-msql-snapshot",
            "hosted_zone_id": "Z2XHWR1WZ565X2",
            "iam_database_authentication_enabled": false,
            "id": "stage-msql",
            "identifier": "stage-msql",
            "identifier_prefix": "",
            "instance_class": "db.t2.micro",
            "iops": 0,
            "kms_key_id": "",
            "latest_restorable_time": "",
            "license_model": "general-public-license",
            "maintenance_window": "mon:05:48-mon:06:18",
            "max_allocated_storage": 0,
            "monitoring_interval": 0,
            "monitoring_role_arn": "",
            "multi_az": false,
            "name": "stagingRds",
            "nchar_character_set_name": "",
            "network_type": "IPV4",
            "option_group_name": "default:mysql-8-0",
            "parameter_group_name": "default.mysql8.0",
            "password": "randomChar80",
            "performance_insights_enabled": false,
            "performance_insights_kms_key_id": "",
            "performance_insights_retention_period": 0,
            "port": 3306,
            "publicly_accessible": false,
            "replica_mode": "",
            "replicas": [],
            "replicate_source_db": "",
            "resource_id": "db-D7L2KRAZ44YYR6IY2SAMZ7KY7I",
            "restore_to_point_in_time": [],
            "s3_import": [],
            "security_group_names": null,
            "skip_final_snapshot": true,
            "snapshot_identifier": null,
            "status": "available",
            "storage_encrypted": false,
            "storage_throughput": 0,
            "storage_type": "gp2",
            "tags": null,
            "tags_all": {},
            "timeouts": null,
            "timezone": "",
            "username": "user_mysql",
            "vpc_security_group_ids": [
              "sg-02b3e30a69ab8b919"
            ]
          },
          "sensitive_attributes": [
            [
              {
                "type": "get_attr",
                "value": "password"
              }
            ],
            [
              {
                "type": "get_attr",
                "value": "username"
              }
            ]
          ],
          "private": "eyJlMmJmYjczMC1lY2FhLTExZTYtOGY4OC0zNDM2M2JjN2M0YzAiOnsiY3JlYXRlIjoyNDAwMDAwMDAwMDAwLCJkZWxldGUiOjM2MDAwMDAwMDAwMDAsInVwZGF0ZSI6NDgwMDAwMDAwMDAwMH0sInNjaGVtYV92ZXJzaW9uIjoiMSJ9"
        }
      ]
    }
  ]
}
